
Microsoft Visual Studio Solution File, Format Version 12.00
# Visual Studio 15
VisualStudioVersion = 15.0.28307.1321
MinimumVisualStudioVersion = 10.0.40219.1
Project("{FAE04EC0-301F-11D3-BF4B-00C04F79EFBC}") = "Basic", "Basic\Basic.csproj", "{C71B25B8-01A7-4D9A-A242-8A39B624830B}"
EndProject
Global
	GlobalSection(SolutionConfigurationPlatforms) = preSolution
		Debug|Any CPU = Debug|Any CPU
		Release|Any CPU = Release|Any CPU
	EndGlobalSection
	GlobalSection(ProjectConfigurationPlatforms) = postSolution
		{C71B25B8-01A7-4D9A-A242-8A39B624830B}.Debug|Any CPU.ActiveCfg = Debug|Any CPU
		{C71B25B8-01A7-4D9A-A242-8A39B624830B}.Debug|Any CPU.Build.0 = Debug|Any CPU
		{C71B25B8-01A7-4D9A-A242-8A39B624830B}.Release|Any CPU.ActiveCfg = Release|Any CPU
		{C71B25B8-01A7-4D9A-A242-8A39B624830B}.Release|Any CPU.Build.0 = Release|Any CPU
	EndGlobalSection
	GlobalSection(SolutionProperties) = preSolution
		HideSolutionNode = FALSE
	EndGlobalSection
	GlobalSection(ExtensibilityGlobals) = postSolution
		SolutionGuid = {96290D92-ED93-486B-AD09-4A951CC6ACD6}
	EndGlobalSection
EndGlobal
